// !$*UTF8*$!
{
	archiveVersion = 1;
	classes = {
	};
	objectVersion = 56;
	objects = {

/* Begin PBXBuildFile section */
		310710592AD9B4F6002A75B0 /* main.c in Sources */ = {isa = PBXBuildFile; fileRef = 310710582AD9B4F6002A75B0 /* main.c */; };
		3196245F2AD9DB05008BB214 /* main.c in Sources */ = {isa = PBXBuildFile; fileRef = 3196245E2AD9DB05008BB214 /* main.c */; };
/* End PBXBuildFile section */

/* Begin PBXCopyFilesBuildPhase section */
		310710532AD9B4F6002A75B0 /* CopyFiles */ = {
			isa = PBXCopyFilesBuildPhase;
			buildActionMask = 2147483647;
			dstPath = /usr/share/man/man1/;
			dstSubfolderSpec = 0;
			files = (
			);
			runOnlyForDeploymentPostprocessing = 1;
		};
		3196245A2AD9DB05008BB214 /* CopyFiles */ = {
			isa = PBXCopyFilesBuildPhase;
			buildActionMask = 2147483647;
			dstPath = /usr/share/man/man1/;
			dstSubfolderSpec = 0;
			files = (
			);
			runOnlyForDeploymentPostprocessing = 1;
		};
/* End PBXCopyFilesBuildPhase section */

/* Begin PBXFileReference section */
		310710552AD9B4F6002A75B0 /* ECE175_LAB_EXAM1_project */ = {isa = PBXFileReference; explicitFileType = "compiled.mach-o.executable"; includeInIndex = 0; path = ECE175_LAB_EXAM1_project; sourceTree = BUILT_PRODUCTS_DIR; };
		310710582AD9B4F6002A75B0 /* main.c */ = {isa = PBXFileReference; lastKnownFileType = sourcecode.c.c; path = main.c; sourceTree = "<group>"; };
		3196245C2AD9DB05008BB214 /* LAB_EXAM_1_PART2 */ = {isa = PBXFileReference; explicitFileType = "compiled.mach-o.executable"; includeInIndex = 0; path = LAB_EXAM_1_PART2; sourceTree = BUILT_PRODUCTS_DIR; };
		3196245E2AD9DB05008BB214 /* main.c */ = {isa = PBXFileReference; lastKnownFileType = sourcecode.c.c; path = main.c; sourceTree = "<group>"; };
/* End PBXFileReference section */

/* Begin PBXFrameworksBuildPhase section */
		310710522AD9B4F6002A75B0 /* Frameworks */ = {
			isa = PBXFrameworksBuildPhase;
			buildActionMask = 2147483647;
			files = (
			);
			runOnlyForDeploymentPostprocessing = 0;
		};
		319624592AD9DB05008BB214 /* Frameworks */ = {
			isa = PBXFrameworksBuildPhase;
			buildActionMask = 2147483647;
			files = (
			);
			runOnlyForDeploymentPostprocessing = 0;
		};
/* End PBXFrameworksBuildPhase section */

/* Begin PBXGroup section */
		3107104C2AD9B4F6002A75B0 = {
			isa = PBXGroup;
			children = (
				310710572AD9B4F6002A75B0 /* ECE175_LAB_EXAM1_project */,
				3196245D2AD9DB05008BB214 /* LAB_EXAM_1_PART2 */,
				310710562AD9B4F6002A75B0 /* Products */,
			);
			sourceTree = "<group>";
		};
		310710562AD9B4F6002A75B0 /* Products */ = {
			isa = PBXGroup;
			children = (
				310710552AD9B4F6002A75B0 /* ECE175_LAB_EXAM1_project */,
				3196245C2AD9DB05008BB214 /* LAB_EXAM_1_PART2 */,
			);
			name = Products;
			sourceTree = "<group>";
		};
		310710572AD9B4F6002A75B0 /* ECE175_LAB_EXAM1_project */ = {
			isa = PBXGroup;
			children = (
				310710582AD9B4F6002A75B0 /* main.c */,
			);
			path = ECE175_LAB_EXAM1_project;
			sourceTree = "<group>";
		};
		3196245D2AD9DB05008BB214 /* LAB_EXAM_1_PART2 */ = {
			isa = PBXGroup;
			children = (
				3196245E2AD9DB05008BB214 /* main.c */,
			);
			path = LAB_EXAM_1_PART2;
			sourceTree = "<group>";
		};
/* End PBXGroup section */

/* Begin PBXNativeTarget section */
		310710542AD9B4F6002A75B0 /* ECE175_LAB_EXAM1_project */ = {
			isa = PBXNativeTarget;
			buildConfigurationList = 3107105C2AD9B4F6002A75B0 /* Build configuration list for PBXNativeTarget "ECE175_LAB_EXAM1_project" */;
			buildPhases = (
				310710512AD9B4F6002A75B0 /* Sources */,
				310710522AD9B4F6002A75B0 /* Frameworks */,
				310710532AD9B4F6002A75B0 /* CopyFiles */,
			);
			buildRules = (
			);
			dependencies = (
			);
			name = ECE175_LAB_EXAM1_project;
			productName = ECE175_LAB_EXAM1_project;
			productReference = 310710552AD9B4F6002A75B0 /* ECE175_LAB_EXAM1_project */;
			productType = "com.apple.product-type.tool";
		};
		3196245B2AD9DB05008BB214 /* LAB_EXAM_1_PART2 */ = {
			isa = PBXNativeTarget;
			buildConfigurationList = 319624622AD9DB05008BB214 /* Build configuration list for PBXNativeTarget "LAB_EXAM_1_PART2" */;
			buildPhases = (
				319624582AD9DB05008BB214 /* Sources */,
				319624592AD9DB05008BB214 /* Frameworks */,
				3196245A2AD9DB05008BB214 /* CopyFiles */,
			);
			buildRules = (
			);
			dependencies = (
			);
			name = LAB_EXAM_1_PART2;
			productName = LAB_EXAM_1_PART2;
			productReference = 3196245C2AD9DB05008BB214 /* LAB_EXAM_1_PART2 */;
			productType = "com.apple.product-type.tool";
		};
/* End PBXNativeTarget section */

/* Begin PBXProject section */
		3107104D2AD9B4F6002A75B0 /* Project object */ = {
			isa = PBXProject;
			attributes = {
				BuildIndependentTargetsInParallel = 1;
				LastUpgradeCheck = 1420;
				TargetAttributes = {
					310710542AD9B4F6002A75B0 = {
						CreatedOnToolsVersion = 14.2;
					};
					3196245B2AD9DB05008BB214 = {
						CreatedOnToolsVersion = 14.2;
					};
				};
			};
			buildConfigurationList = 310710502AD9B4F6002A75B0 /* Build configuration list for PBXProject "ECE175_LAB_EXAM1_project" */;
			compatibilityVersion = "Xcode 14.0";
			developmentRegion = en;
			hasScannedForEncodings = 0;
			knownRegions = (
				en,
				Base,
			);
			mainGroup = 3107104C2AD9B4F6002A75B0;
			productRefGroup = 310710562AD9B4F6002A75B0 /* Products */;
			projectDirPath = "";
			projectRoot = "";
			targets = (
				310710542AD9B4F6002A75B0 /* ECE175_LAB_EXAM1_project */,
				3196245B2AD9DB05008BB214 /* LAB_EXAM_1_PART2 */,
			);
		};
/* End PBXProject section */

/* Begin PBXSourcesBuildPhase section */
		310710512AD9B4F6002A75B0 /* Sources */ = {
			isa = PBXSourcesBuildPhase;
			buildActionMask = 2147483647;
			files = (
				310710592AD9B4F6002A75B0 /* main.c in Sources */,
			);
			runOnlyForDeploymentPostprocessing = 0;
		};
		319624582AD9DB05008BB214 /* Sources */ = {
			isa = PBXSourcesBuildPhase;
			buildActionMask = 2147483647;
			files = (
				3196245F2AD9DB05008BB214 /* main.c in Sources */,
			);
			runOnlyForDeploymentPostprocessing = 0;
		};
/* End PBXSourcesBuildPhase section */

/* Begin XCBuildConfiguration section */
		3107105A2AD9B4F6002A75B0 /* Debug */ = {
			isa = XCBuildConfiguration;
			buildSettings = {
				ALWAYS_SEARCH_USER_PATHS = NO;
				CLANG_ANALYZER_NONNULL = YES;
				CLANG_ANALYZER_NUMBER_OBJECT_CONVERSION = YES_AGGRESSIVE;
				CLANG_CXX_LANGUAGE_STANDARD = "gnu++20";
				CLANG_ENABLE_MODULES = YES;
				CLANG_ENABLE_OBJC_ARC = YES;
				CLANG_ENABLE_OBJC_WEAK = YES;
				CLANG_WARN_BLOCK_CAPTURE_AUTORELEASING = YES;
				CLANG_WARN_BOOL_CONVERSION = YES;
				CLANG_WARN_COMMA = YES;
				CLANG_WARN_CONSTANT_CONVERSION = YES;
				CLANG_WARN_DEPRECATED_OBJC_IMPLEMENTATIONS = YES;
				CLANG_WARN_DIRECT_OBJC_ISA_USAGE = YES_ERROR;
				CLANG_WARN_DOCUMENTATION_COMMENTS = YES;
				CLANG_WARN_EMPTY_BODY = YES;
				CLANG_WARN_ENUM_CONVERSION = YES;
				CLANG_WARN_INFINITE_RECURSION = YES;
				CLANG_WARN_INT_CONVERSION = YES;
				CLANG_WARN_NON_LITERAL_NULL_CONVERSION = YES;
				CLANG_WARN_OBJC_IMPLICIT_RETAIN_SELF = YES;
				CLANG_WARN_OBJC_LITERAL_CONVERSION = YES;
				CLANG_WARN_OBJC_ROOT_CLASS = YES_ERROR;
				CLANG_WARN_QUOTED_INCLUDE_IN_FRAMEWORK_HEADER = YES;
				CLANG_WARN_RANGE_LOOP_ANALYSIS = YES;
				CLANG_WARN_STRICT_PROTOTYPES = YES;
				CLANG_WARN_SUSPICIOUS_MOVE = YES;
				CLANG_WARN_UNGUARDED_AVAILABILITY = YES_AGGRESSIVE;
				CLANG_WARN_UNREACHABLE_CODE = YES;
				CLANG_WARN__DUPLICATE_METHOD_MATCH = YES;
				COPY_PHASE_STRIP = NO;
				DEBUG_INFORMATION_FORMAT = dwarf;
				ENABLE_STRICT_OBJC_MSGSEND = YES;
				ENABLE_TESTABILITY = YES;
				GCC_C_LANGUAGE_STANDARD = gnu11;
				GCC_DYNAMIC_NO_PIC = NO;
				GCC_NO_COMMON_BLOCKS = YES;
				GCC_OPTIMIZATION_LEVEL = 0;
				GCC_PREPROCESSOR_DEFINITIONS = (
					"DEBUG=1",
					"$(inherited)",
				);
				GCC_WARN_64_TO_32_BIT_CONVERSION = YES;
				GCC_WARN_ABOUT_RETURN_TYPE = YES_ERROR;
				GCC_WARN_UNDECLARED_SELECTOR = YES;
				GCC_WARN_UNINITIALIZED_AUTOS = YES_AGGRESSIVE;
				GCC_WARN_UNUSED_FUNCTION = YES;
				GCC_WARN_UNUSED_VARIABLE = YES;
				MACOSX_DEPLOYMENT_TARGET = 12.7;
				MTL_ENABLE_DEBUG_INFO = INCLUDE_SOURCE;
				MTL_FAST_MATH = YES;
				ONLY_ACTIVE_ARCH = YES;
				SDKROOT = macosx;
			};
			name = Debug;
		};
		3107105B2AD9B4F6002A75B0 /* Release */ = {
			isa = XCBuildConfiguration;
			buildSettings = {
				ALWAYS_SEARCH_USER_PATHS = NO;
				CLANG_ANALYZER_NONNULL = YES;
				CLANG_ANALYZER_NUMBER_OBJECT_CONVERSION = YES_AGGRESSIVE;
				CLANG_CXX_LANGUAGE_STANDARD = "gnu++20";
				CLANG_ENABLE_MODULES = YES;
				CLANG_ENABLE_OBJC_ARC = YES;
				CLANG_ENABLE_OBJC_WEAK = YES;
				CLANG_WARN_BLOCK_CAPTURE_AUTORELEASING = YES;
				CLANG_WARN_BOOL_CONVERSION = YES;
				CLANG_WARN_COMMA = YES;
				CLANG_WARN_CONSTANT_CONVERSION = YES;
				CLANG_WARN_DEPRECATED_OBJC_IMPLEMENTATIONS = YES;
				CLANG_WARN_DIRECT_OBJC_ISA_USAGE = YES_ERROR;
				CLANG_WARN_DOCUMENTATION_COMMENTS = YES;
				CLANG_WARN_EMPTY_BODY = YES;
				CLANG_WARN_ENUM_CONVERSION = YES;
				CLANG_WARN_INFINITE_RECURSION = YES;
				CLANG_WARN_INT_CONVERSION = YES;
				CLANG_WARN_NON_LITERAL_NULL_CONVERSION = YES;
				CLANG_WARN_OBJC_IMPLICIT_RETAIN_SELF = YES;
				CLANG_WARN_OBJC_LITERAL_CONVERSION = YES;
				CLANG_WARN_OBJC_ROOT_CLASS = YES_ERROR;
				CLANG_WARN_QUOTED_INCLUDE_IN_FRAMEWORK_HEADER = YES;
				CLANG_WARN_RANGE_LOOP_ANALYSIS = YES;
				CLANG_WARN_STRICT_PROTOTYPES = YES;
				CLANG_WARN_SUSPICIOUS_MOVE = YES;
				CLANG_WARN_UNGUARDED_AVAILABILITY = YES_AGGRESSIVE;
				CLANG_WARN_UNREACHABLE_CODE = YES;
				CLANG_WARN__DUPLICATE_METHOD_MATCH = YES;
				COPY_PHASE_STRIP = NO;
				DEBUG_INFORMATION_FORMAT = "dwarf-with-dsym";
				ENABLE_NS_ASSERTIONS = NO;
				ENABLE_STRICT_OBJC_MSGSEND = YES;
				GCC_C_LANGUAGE_STANDARD = gnu11;
				GCC_NO_COMMON_BLOCKS = YES;
				GCC_WARN_64_TO_32_BIT_CONVERSION = YES;
				GCC_WARN_ABOUT_RETURN_TYPE = YES_ERROR;
				GCC_WARN_UNDECLARED_SELECTOR = YES;
				GCC_WARN_UNINITIALIZED_AUTOS = YES_AGGRESSIVE;
				GCC_WARN_UNUSED_FUNCTION = YES;
				GCC_WARN_UNUSED_VARIABLE = YES;
				MACOSX_DEPLOYMENT_TARGET = 12.7;
				MTL_ENABLE_DEBUG_INFO = NO;
				MTL_FAST_MATH = YES;
				SDKROOT = macosx;
			};
			name = Release;
		};
		3107105D2AD9B4F6002A75B0 /* Debug */ = {
			isa = XCBuildConfiguration;
			buildSettings = {
				CODE_SIGN_STYLE = Automatic;
				PRODUCT_NAME = "$(TARGET_NAME)";
			};
			name = Debug;
		};
		3107105E2AD9B4F6002A75B0 /* Release */ = {
			isa = XCBuildConfiguration;
			buildSettings = {
				CODE_SIGN_STYLE = Automatic;
				PRODUCT_NAME = "$(TARGET_NAME)";
			};
			name = Release;
		};
		319624602AD9DB05008BB214 /* Debug */ = {
			isa = XCBuildConfiguration;
			buildSettings = {
				CODE_SIGN_STYLE = Automatic;
				PRODUCT_NAME = "$(TARGET_NAME)";
			};
			name = Debug;
		};
		319624612AD9DB05008BB214 /* Release */ = {
			isa = XCBuildConfiguration;
			buildSettings = {
				CODE_SIGN_STYLE = Automatic;
				PRODUCT_NAME = "$(TARGET_NAME)";
			};
			name = Release;
		};
/* End XCBuildConfiguration section */

/* Begin XCConfigurationList section */
		310710502AD9B4F6002A75B0 /* Build configuration list for PBXProject "ECE175_LAB_EXAM1_project" */ = {
			isa = XCConfigurationList;
			buildConfigurations = (
				3107105A2AD9B4F6002A75B0 /* Debug */,
				3107105B2AD9B4F6002A75B0 /* Release */,
			);
			defaultConfigurationIsVisible = 0;
			defaultConfigurationName = Release;
		};
		3107105C2AD9B4F6002A75B0 /* Build configuration list for PBXNativeTarget "ECE175_LAB_EXAM1_project" */ = {
			isa = XCConfigurationList;
			buildConfigurations = (
				3107105D2AD9B4F6002A75B0 /* Debug */,
				3107105E2AD9B4F6002A75B0 /* Release */,
			);
			defaultConfigurationIsVisible = 0;
			defaultConfigurationName = Release;
		};
		319624622AD9DB05008BB214 /* Build configuration list for PBXNativeTarget "LAB_EXAM_1_PART2" */ = {
			isa = XCConfigurationList;
			buildConfigurations = (
				319624602AD9DB05008BB214 /* Debug */,
				319624612AD9DB05008BB214 /* Release */,
			);
			defaultConfigurationIsVisible = 0;
			defaultConfigurationName = Release;
		};
/* End XCConfigurationList section */
	};
	rootObject = 3107104D2AD9B4F6002A75B0 /* Project object */;
}
